// !$*UTF8*$!
{
	archiveVersion = 1;
	classes = {};
	objectVersion = 77;
	objects = {

/* Begin PBXContainerItemProxy section */
		100000000000000000000031 = {
			isa = PBXContainerItemProxy;
			containerPortal = 100000000000000000000001;
			proxyType = 1;
			remoteGlobalIDString = 100000000000000000000010;
			remoteInfo = Ittan;
		};
/* End PBXContainerItemProxy section */

/* Begin PBXFileReference section */
		100000000000000000000020 = {isa = PBXFileReference; explicitFileType = wrapper.application; includeInIndex = 0; path = Ittan.app; sourceTree = BUILT_PRODUCTS_DIR; };
		100000000000000000000021 = {isa = PBXFileReference; explicitFileType = wrapper.cfbundle; includeInIndex = 0; path = IttanTests.xctest; sourceTree = BUILT_PRODUCTS_DIR; };
/* End PBXFileReference section */

/* Begin PBXFileSystemSynchronizedBuildFileExceptionSet section */
		100000000000000000000042 = {
			isa = PBXFileSystemSynchronizedBuildFileExceptionSet;
			membershipExceptions = (
				Info.plist,
				Ittan.entitlements,
			);
			target = 100000000000000000000010;
		};
/* End PBXFileSystemSynchronizedBuildFileExceptionSet section */

/* Begin PBXFileSystemSynchronizedRootGroup section */
		100000000000000000000040 = {isa = PBXFileSystemSynchronizedRootGroup; exceptions = (100000000000000000000042); path = Ittan; sourceTree = "<group>"; };
		100000000000000000000041 = {isa = PBXFileSystemSynchronizedRootGroup; path = IttanTests; sourceTree = "<group>"; };
/* End PBXFileSystemSynchronizedRootGroup section */

/* Begin PBXFrameworksBuildPhase section */
		100000000000000000000050 = {isa = PBXFrameworksBuildPhase; buildActionMask = 2147483647; files = (); runOnlyForDeploymentPostprocessing = 0; };
		100000000000000000000051 = {isa = PBXFrameworksBuildPhase; buildActionMask = 2147483647; files = (); runOnlyForDeploymentPostprocessing = 0; };
/* End PBXFrameworksBuildPhase section */

/* Begin PBXGroup section */
		100000000000000000000002 = {
			isa = PBXGroup;
			children = (
				100000000000000000000040,
				100000000000000000000041,
				100000000000000000000003,
			);
			sourceTree = "<group>";
		};
		100000000000000000000003 = {
			isa = PBXGroup;
			children = (100000000000000000000020, 100000000000000000000021);
			name = Products;
			sourceTree = "<group>";
		};
/* End PBXGroup section */

/* Begin PBXNativeTarget section */
		100000000000000000000010 = {
			isa = PBXNativeTarget;
			buildConfigurationList = 100000000000000000000070;
			buildPhases = (100000000000000000000052, 100000000000000000000050, 100000000000000000000054);
			buildRules = ();
			dependencies = ();
			fileSystemSynchronizedGroups = (100000000000000000000040);
			name = Ittan;
			packageProductDependencies = ();
			productName = Ittan;
			productReference = 100000000000000000000020;
			productType = "com.apple.product-type.application";
		};
		100000000000000000000011 = {
			isa = PBXNativeTarget;
			buildConfigurationList = 100000000000000000000071;
			buildPhases = (100000000000000000000053, 100000000000000000000051, 100000000000000000000055);
			buildRules = ();
			dependencies = (100000000000000000000030);
			fileSystemSynchronizedGroups = (100000000000000000000041);
			name = IttanTests;
			packageProductDependencies = ();
			productName = IttanTests;
			productReference = 100000000000000000000021;
			productType = "com.apple.product-type.bundle.unit-test";
		};
/* End PBXNativeTarget section */

/* Begin PBXProject section */
		100000000000000000000001 = {
			isa = PBXProject;
			attributes = {
				BuildIndependentTargetsInParallel = 1;
				LastSwiftUpdateCheck = 2600;
				LastUpgradeCheck = 2600;
				TargetAttributes = {
					100000000000000000000010 = {CreatedOnToolsVersion = 26.0; };
					100000000000000000000011 = {CreatedOnToolsVersion = 26.0; TestTargetID = 100000000000000000000010; };
				};
			};
			buildConfigurationList = 100000000000000000000072;
			developmentRegion = en;
			hasScannedForEncodings = 0;
			knownRegions = (en, Base);
			mainGroup = 100000000000000000000002;
			preferredProjectObjectVersion = 77;
			productRefGroup = 100000000000000000000003;
			projectDirPath = "";
			projectRoot = "";
			targets = (100000000000000000000010, 100000000000000000000011);
		};
/* End PBXProject section */

/* Begin PBXResourcesBuildPhase section */
		100000000000000000000054 = {isa = PBXResourcesBuildPhase; buildActionMask = 2147483647; files = (); runOnlyForDeploymentPostprocessing = 0; };
		100000000000000000000055 = {isa = PBXResourcesBuildPhase; buildActionMask = 2147483647; files = (); runOnlyForDeploymentPostprocessing = 0; };
/* End PBXResourcesBuildPhase section */

/* Begin PBXSourcesBuildPhase section */
		100000000000000000000052 = {isa = PBXSourcesBuildPhase; buildActionMask = 2147483647; files = (); runOnlyForDeploymentPostprocessing = 0; };
		100000000000000000000053 = {isa = PBXSourcesBuildPhase; buildActionMask = 2147483647; files = (); runOnlyForDeploymentPostprocessing = 0; };
/* End PBXSourcesBuildPhase section */

/* Begin PBXTargetDependency section */
		100000000000000000000030 = {isa = PBXTargetDependency; target = 100000000000000000000010; targetProxy = 100000000000000000000031; };
/* End PBXTargetDependency section */

/* Begin XCBuildConfiguration section */
		100000000000000000000080 = {isa = XCBuildConfiguration; buildSettings = {CLANG_ENABLE_MODULES = YES; DEBUG_INFORMATION_FORMAT = dwarf; ENABLE_TESTABILITY = YES; MACOSX_DEPLOYMENT_TARGET = 26.0; ONLY_ACTIVE_ARCH = YES; SDKROOT = macosx; SWIFT_OPTIMIZATION_LEVEL = "-Onone"; }; name = Debug; };
		100000000000000000000081 = {isa = XCBuildConfiguration; buildSettings = {CLANG_ENABLE_MODULES = YES; DEBUG_INFORMATION_FORMAT = "dwarf-with-dsym"; MACOSX_DEPLOYMENT_TARGET = 26.0; SDKROOT = macosx; SWIFT_COMPILATION_MODE = wholemodule; }; name = Release; };
		100000000000000000000082 = {
			isa = XCBuildConfiguration;
			buildSettings = {
				CODE_SIGN_ENTITLEMENTS = Ittan/Ittan.entitlements;
				CODE_SIGN_STYLE = Automatic;
				COMBINE_HIDPI_IMAGES = YES;
				CURRENT_PROJECT_VERSION = 1;
				ENABLE_APP_SANDBOX = NO;
				ENABLE_HARDENED_RUNTIME = YES;
				GENERATE_INFOPLIST_FILE = NO;
				INFOPLIST_FILE = Ittan/Info.plist;
				LD_RUNPATH_SEARCH_PATHS = ("$(inherited)", "@executable_path/../Frameworks");
				MACOSX_DEPLOYMENT_TARGET = 26.0;
				MARKETING_VERSION = 0.1.0;
				PRODUCT_BUNDLE_IDENTIFIER = com.ryoyafukasawa.Ittan;
				PRODUCT_NAME = "$(TARGET_NAME)";
				SWIFT_APPROACHABLE_CONCURRENCY = YES;
				SWIFT_DEFAULT_ACTOR_ISOLATION = MainActor;
				SWIFT_STRICT_CONCURRENCY = complete;
				SWIFT_VERSION = 6.0;
			};
			name = Debug;
		};
		100000000000000000000083 = {isa = XCBuildConfiguration; buildSettings = {CODE_SIGN_ENTITLEMENTS = Ittan/Ittan.entitlements; CODE_SIGN_STYLE = Automatic; COMBINE_HIDPI_IMAGES = YES; CURRENT_PROJECT_VERSION = 1; ENABLE_APP_SANDBOX = NO; ENABLE_HARDENED_RUNTIME = YES; GENERATE_INFOPLIST_FILE = NO; INFOPLIST_FILE = Ittan/Info.plist; LD_RUNPATH_SEARCH_PATHS = ("$(inherited)", "@executable_path/../Frameworks"); MACOSX_DEPLOYMENT_TARGET = 26.0; MARKETING_VERSION = 0.1.0; PRODUCT_BUNDLE_IDENTIFIER = com.ryoyafukasawa.Ittan; PRODUCT_NAME = "$(TARGET_NAME)"; SWIFT_APPROACHABLE_CONCURRENCY = YES; SWIFT_DEFAULT_ACTOR_ISOLATION = MainActor; SWIFT_STRICT_CONCURRENCY = complete; SWIFT_VERSION = 6.0; }; name = Release; };
		100000000000000000000084 = {isa = XCBuildConfiguration; buildSettings = {BUNDLE_LOADER = "$(TEST_HOST)"; CODE_SIGN_STYLE = Automatic; GENERATE_INFOPLIST_FILE = YES; MACOSX_DEPLOYMENT_TARGET = 26.0; PRODUCT_BUNDLE_IDENTIFIER = com.ryoyafukasawa.IttanTests; PRODUCT_NAME = "$(TARGET_NAME)"; SWIFT_DEFAULT_ACTOR_ISOLATION = MainActor; SWIFT_STRICT_CONCURRENCY = complete; SWIFT_VERSION = 6.0; TEST_HOST = "$(BUILT_PRODUCTS_DIR)/Ittan.app/Contents/MacOS/Ittan"; }; name = Debug; };
		100000000000000000000085 = {isa = XCBuildConfiguration; buildSettings = {BUNDLE_LOADER = "$(TEST_HOST)"; CODE_SIGN_STYLE = Automatic; GENERATE_INFOPLIST_FILE = YES; MACOSX_DEPLOYMENT_TARGET = 26.0; PRODUCT_BUNDLE_IDENTIFIER = com.ryoyafukasawa.IttanTests; PRODUCT_NAME = "$(TARGET_NAME)"; SWIFT_DEFAULT_ACTOR_ISOLATION = MainActor; SWIFT_STRICT_CONCURRENCY = complete; SWIFT_VERSION = 6.0; TEST_HOST = "$(BUILT_PRODUCTS_DIR)/Ittan.app/Contents/MacOS/Ittan"; }; name = Release; };
/* End XCBuildConfiguration section */

/* Begin XCConfigurationList section */
		100000000000000000000070 = {isa = XCConfigurationList; buildConfigurations = (100000000000000000000082, 100000000000000000000083); defaultConfigurationIsVisible = 0; defaultConfigurationName = Release; };
		100000000000000000000071 = {isa = XCConfigurationList; buildConfigurations = (100000000000000000000084, 100000000000000000000085); defaultConfigurationIsVisible = 0; defaultConfigurationName = Release; };
		100000000000000000000072 = {isa = XCConfigurationList; buildConfigurations = (100000000000000000000080, 100000000000000000000081); defaultConfigurationIsVisible = 0; defaultConfigurationName = Release; };
/* End XCConfigurationList section */
	};
	rootObject = 100000000000000000000001;
}
